
Microsoft Visual Studio Solution File, Format Version 12.00
# Visual Studio Version 17
VisualStudioVersion = 17.5.002.0
MinimumVisualStudioVersion = 10.0.40219.1
Project("{9A19103F-16F7-4668-BE54-9A1E7A4F7556}") = "DotnetAPI", "DotnetAPI.csproj", "{9BCE9467-0CAA-4F7E-A3C9-ADC6D588F484}"
EndProject
Global
	GlobalSection(SolutionConfigurationPlatforms) = preSolution
		Debug|Any CPU = Debug|Any CPU
		Release|Any CPU = Release|Any CPU
	EndGlobalSection
	GlobalSection(ProjectConfigurationPlatforms) = postSolution
		{9BCE9467-0CAA-4F7E-A3C9-ADC6D588F484}.Debug|Any CPU.ActiveCfg = Debug|Any CPU
		{9BCE9467-0CAA-4F7E-A3C9-ADC6D588F484}.Debug|Any CPU.Build.0 = Debug|Any CPU
		{9BCE9467-0CAA-4F7E-A3C9-ADC6D588F484}.Release|Any CPU.ActiveCfg = Release|Any CPU
		{9BCE9467-0CAA-4F7E-A3C9-ADC6D588F484}.Release|Any CPU.Build.0 = Release|Any CPU
	EndGlobalSection
	GlobalSection(SolutionProperties) = preSolution
		HideSolutionNode = FALSE
	EndGlobalSection
	GlobalSection(ExtensibilityGlobals) = postSolution
		SolutionGuid = {A2C13A3A-ECF9-4B70-8FD4-E46CE64EF530}
	EndGlobalSection
EndGlobal
